<Solution>
  <Folder Name="/src/">
    <Project Path="src/Kitbash.Core/Kitbash.Core.csproj" />
    <Project Path="src/Kitbash.Ui/Kitbash.Ui.csproj" />
    <Project Path="src/Kitbash.Gallery/Kitbash.Gallery.csproj" />
    <Project Path="src/Kitbash/Kitbash.csproj" />
  </Folder>
  <Folder Name="/src/tools/" />
  <Folder Name="/tests/">
    <Project Path="tests/Kitbash.Core.Tests/Kitbash.Core.Tests.csproj" />
    <Project Path="tests/Kitbash.Ui.Tests/Kitbash.Ui.Tests.csproj" />
  </Folder>
</Solution>
